
Microsoft Visual Studio Solution File, Format Version 12.00
# Visual Studio Version 16
VisualStudioVersion = 16.0.30204.135
MinimumVisualStudioVersion = 10.0.40219.1
Project("{9A19103F-16F7-4668-BE54-9A1E7A4F7556}") = "Model", "Model\Model.csproj", "{6F595280-0DD1-4BFF-821D-2E3255BB2F9A}"
EndProject
Project("{9A19103F-16F7-4668-BE54-9A1E7A4F7556}") = "Controller", "Controller\Controller.csproj", "{6B93FEE7-E0CB-4A18-B476-F068841BC103}"
EndProject
Project("{9A19103F-16F7-4668-BE54-9A1E7A4F7556}") = "Tests", "Tests\Tests.csproj", "{2F1A04D8-D4CD-456B-AE11-5000DE78D59C}"
EndProject
Global
	GlobalSection(SolutionConfigurationPlatforms) = preSolution
		Debug|Any CPU = Debug|Any CPU
		Release|Any CPU = Release|Any CPU
	EndGlobalSection
	GlobalSection(ProjectConfigurationPlatforms) = postSolution
		{6F595280-0DD1-4BFF-821D-2E3255BB2F9A}.Debug|Any CPU.ActiveCfg = Debug|Any CPU
		{6F595280-0DD1-4BFF-821D-2E3255BB2F9A}.Debug|Any CPU.Build.0 = Debug|Any CPU
		{6F595280-0DD1-4BFF-821D-2E3255BB2F9A}.Release|Any CPU.ActiveCfg = Release|Any CPU
		{6F595280-0DD1-4BFF-821D-2E3255BB2F9A}.Release|Any CPU.Build.0 = Release|Any CPU
		{6B93FEE7-E0CB-4A18-B476-F068841BC103}.Debug|Any CPU.ActiveCfg = Debug|Any CPU
		{6B93FEE7-E0CB-4A18-B476-F068841BC103}.Debug|Any CPU.Build.0 = Debug|Any CPU
		{6B93FEE7-E0CB-4A18-B476-F068841BC103}.Release|Any CPU.ActiveCfg = Release|Any CPU
		{6B93FEE7-E0CB-4A18-B476-F068841BC103}.Release|Any CPU.Build.0 = Release|Any CPU
		{2F1A04D8-D4CD-456B-AE11-5000DE78D59C}.Debug|Any CPU.ActiveCfg = Debug|Any CPU
		{2F1A04D8-D4CD-456B-AE11-5000DE78D59C}.Debug|Any CPU.Build.0 = Debug|Any CPU
		{2F1A04D8-D4CD-456B-AE11-5000DE78D59C}.Release|Any CPU.ActiveCfg = Release|Any CPU
		{2F1A04D8-D4CD-456B-AE11-5000DE78D59C}.Release|Any CPU.Build.0 = Release|Any CPU
	EndGlobalSection
	GlobalSection(SolutionProperties) = preSolution
		HideSolutionNode = FALSE
	EndGlobalSection
	GlobalSection(ExtensibilityGlobals) = postSolution
		SolutionGuid = {B3B6F7DA-2F66-4326-BC65-AD6462A1492B}
	EndGlobalSection
EndGlobal
